
Microsoft Visual Studio Solution File, Format Version 12.00
# Visual Studio Version 17
VisualStudioVersion = 17.5.002.0
MinimumVisualStudioVersion = 10.0.40219.1
Project("{9A19103F-16F7-4668-BE54-9A1E7A4F7556}") = "CodePulse.API", "CodePulse.API.csproj", "{AA62BC94-C8C4-46CB-AB3C-8E7CDB1F1E41}"
EndProject
Global
	GlobalSection(SolutionConfigurationPlatforms) = preSolution
		Debug|Any CPU = Debug|Any CPU
		Release|Any CPU = Release|Any CPU
	EndGlobalSection
	GlobalSection(ProjectConfigurationPlatforms) = postSolution
		{AA62BC94-C8C4-46CB-AB3C-8E7CDB1F1E41}.Debug|Any CPU.ActiveCfg = Debug|Any CPU
		{AA62BC94-C8C4-46CB-AB3C-8E7CDB1F1E41}.Debug|Any CPU.Build.0 = Debug|Any CPU
		{AA62BC94-C8C4-46CB-AB3C-8E7CDB1F1E41}.Release|Any CPU.ActiveCfg = Release|Any CPU
		{AA62BC94-C8C4-46CB-AB3C-8E7CDB1F1E41}.Release|Any CPU.Build.0 = Release|Any CPU
	EndGlobalSection
	GlobalSection(SolutionProperties) = preSolution
		HideSolutionNode = FALSE
	EndGlobalSection
	GlobalSection(ExtensibilityGlobals) = postSolution
		SolutionGuid = {118B026E-C974-4A01-8A15-9DC457E46798}
	EndGlobalSection
EndGlobal
